// !$*UTF8*$!
{
	archiveVersion = 1;
	classes = {
	};
	objectVersion = 77;
	objects = {

/* Begin PBXBuildFile section */
		08A157B8F3104EAAAAE47115 /* RealseNote.md in Resources */ = {isa = PBXBuildFile; fileRef = 46E5EB8E2E78146200F4615F /* RealseNote.md */; };
		1879616DDC8443D991FB36D2 /* README.md in Resources */ = {isa = PBXBuildFile; fileRef = 46E5EB8A2E78117400F4615F /* README.md */; };
		306FF301C4CC44FFAB3722F4 /* AGENTS.md in Resources */ = {isa = PBXBuildFile; fileRef = 46C2EC772EE01AD000E38D8B /* AGENTS.md */; };
		41ACC51EFD034A599E6BA465 /* FuturePLAN.md in Resources */ = {isa = PBXBuildFile; fileRef = 46C2EC752EE0190E00E38D8B /* FuturePLAN.md */; };
		46C2EC762EE0190E00E38D8B /* FuturePLAN.md in Resources */ = {isa = PBXBuildFile; fileRef = 46C2EC752EE0190E00E38D8B /* FuturePLAN.md */; };
		46C2EC792EE01AD000E38D8B /* CLAUDE.md in Resources */ = {isa = PBXBuildFile; fileRef = 46C2EC782EE01AD000E38D8B /* CLAUDE.md */; };
		46C2EC7A2EE01AD000E38D8B /* AGENTS.md in Resources */ = {isa = PBXBuildFile; fileRef = 46C2EC772EE01AD000E38D8B /* AGENTS.md */; };
		46C2EC7C2EE01B4E00E38D8B /* .gitignore in Resources */ = {isa = PBXBuildFile; fileRef = 46C2EC7B2EE01B4E00E38D8B /* .gitignore */; };
		46E5EB8B2E78117400F4615F /* README.md in Resources */ = {isa = PBXBuildFile; fileRef = 46E5EB8A2E78117400F4615F /* README.md */; };
		46E5EB8D2E78117E00F4615F /* LICENSE in Resources */ = {isa = PBXBuildFile; fileRef = 46E5EB8C2E78117E00F4615F /* LICENSE */; };
		46E5EB8F2E78146200F4615F /* RealseNote.md in Resources */ = {isa = PBXBuildFile; fileRef = 46E5EB8E2E78146200F4615F /* RealseNote.md */; };
		683DBDAD2890449A8E3143BC /* UTCTimeCore in Frameworks */ = {isa = PBXBuildFile; productRef = D2756BE791E046D8B14F9A30 /* UTCTimeCore */; };
		75BD1A058E1F4E6994589AE7 /* LICENSE in Resources */ = {isa = PBXBuildFile; fileRef = 46E5EB8C2E78117E00F4615F /* LICENSE */; };
		75D032F187A64DE080D53A11 /* CLAUDE.md in Resources */ = {isa = PBXBuildFile; fileRef = 46C2EC782EE01AD000E38D8B /* CLAUDE.md */; };
		A73BFC048D4E4BC6953AAC09 /* .gitignore in Resources */ = {isa = PBXBuildFile; fileRef = 46C2EC7B2EE01B4E00E38D8B /* .gitignore */; };
		BC888B9DFE064B51979DC76B /* UTCTimeCore in Frameworks */ = {isa = PBXBuildFile; productRef = 8EA0EB3B78504FAE9EC7C144 /* UTCTimeCore */; };
/* End PBXBuildFile section */

/* Begin PBXFileReference section */
		4646456B2E3786FD00A48FDB /* UTCTimeLooker.app */ = {isa = PBXFileReference; explicitFileType = wrapper.application; includeInIndex = 0; path = UTCTimeLooker.app; sourceTree = BUILT_PRODUCTS_DIR; };
		46C2EC752EE0190E00E38D8B /* FuturePLAN.md */ = {isa = PBXFileReference; lastKnownFileType = net.daringfireball.markdown; path = FuturePLAN.md; sourceTree = "<group>"; };
		46C2EC772EE01AD000E38D8B /* AGENTS.md */ = {isa = PBXFileReference; lastKnownFileType = net.daringfireball.markdown; path = AGENTS.md; sourceTree = "<group>"; };
		46C2EC782EE01AD000E38D8B /* CLAUDE.md */ = {isa = PBXFileReference; lastKnownFileType = net.daringfireball.markdown; path = CLAUDE.md; sourceTree = "<group>"; };
		46C2EC7B2EE01B4E00E38D8B /* .gitignore */ = {isa = PBXFileReference; lastKnownFileType = text; path = .gitignore; sourceTree = "<group>"; };
		46C2EDB52EE02E4400E38D8B /* UTCTimeCore */ = {isa = PBXFileReference; lastKnownFileType = wrapper; path = UTCTimeCore; sourceTree = "<group>"; };
		46E5EB8A2E78117400F4615F /* README.md */ = {isa = PBXFileReference; lastKnownFileType = net.daringfireball.markdown; path = README.md; sourceTree = "<group>"; };
		46E5EB8C2E78117E00F4615F /* LICENSE */ = {isa = PBXFileReference; lastKnownFileType = text; path = LICENSE; sourceTree = "<group>"; };
		46E5EB8E2E78146200F4615F /* RealseNote.md */ = {isa = PBXFileReference; lastKnownFileType = net.daringfireball.markdown; path = RealseNote.md; sourceTree = "<group>"; };
		D6086BF380E34C129F481A26 /* UTCTimeLookerSIT.app */ = {isa = PBXFileReference; explicitFileType = wrapper.application; includeInIndex = 0; path = UTCTimeLookerSIT.app; sourceTree = BUILT_PRODUCTS_DIR; };
/* End PBXFileReference section */

/* Begin PBXFileSystemSynchronizedRootGroup section */
		4646456D2E3786FD00A48FDB /* UTCTimeLooker */ = {
			isa = PBXFileSystemSynchronizedRootGroup;
			path = UTCTimeLooker;
			sourceTree = "<group>";
		};
/* End PBXFileSystemSynchronizedRootGroup section */

/* Begin PBXFrameworksBuildPhase section */
		464645682E3786FD00A48FDB /* Frameworks */ = {
			isa = PBXFrameworksBuildPhase;
			buildActionMask = 2147483647;
			files = (
				BC888B9DFE064B51979DC76B /* UTCTimeCore in Frameworks */,
			);
			runOnlyForDeploymentPostprocessing = 0;
		};
		FA11E61D99FE4F2D9FD0BC81 /* Frameworks */ = {
			isa = PBXFrameworksBuildPhase;
			buildActionMask = 2147483647;
			files = (
				683DBDAD2890449A8E3143BC /* UTCTimeCore in Frameworks */,
			);
			runOnlyForDeploymentPostprocessing = 0;
		};
/* End PBXFrameworksBuildPhase section */

/* Begin PBXGroup section */
		464645622E3786FD00A48FDB = {
			isa = PBXGroup;
			children = (
				46C2EC7B2EE01B4E00E38D8B /* .gitignore */,
				46C2EC772EE01AD000E38D8B /* AGENTS.md */,
				46C2EC782EE01AD000E38D8B /* CLAUDE.md */,
				46C2EC752EE0190E00E38D8B /* FuturePLAN.md */,
				46E5EB8C2E78117E00F4615F /* LICENSE */,
				46E5EB8A2E78117400F4615F /* README.md */,
				46E5EB8E2E78146200F4615F /* RealseNote.md */,
				4646456D2E3786FD00A48FDB /* UTCTimeLooker */,
				4646456C2E3786FD00A48FDB /* Products */,
				46C2EDB52EE02E4400E38D8B /* UTCTimeCore */,
			);
			sourceTree = "<group>";
		};
		4646456C2E3786FD00A48FDB /* Products */ = {
			isa = PBXGroup;
			children = (
				4646456B2E3786FD00A48FDB /* UTCTimeLooker.app */,
				D6086BF380E34C129F481A26 /* UTCTimeLookerSIT.app */,
			);
			name = Products;
			sourceTree = "<group>";
		};
/* End PBXGroup section */

/* Begin PBXNativeTarget section */
		4646456A2E3786FD00A48FDB /* UTCTimeLooker */ = {
			isa = PBXNativeTarget;
			buildConfigurationList = 464645772E3786FF00A48FDB /* Build configuration list for PBXNativeTarget "UTCTimeLooker" */;
			buildPhases = (
				464645672E3786FD00A48FDB /* Sources */,
				464645682E3786FD00A48FDB /* Frameworks */,
				464645692E3786FD00A48FDB /* Resources */,
			);
			buildRules = (
			);
			dependencies = (
			);
			fileSystemSynchronizedGroups = (
				4646456D2E3786FD00A48FDB /* UTCTimeLooker */,
			);
			name = UTCTimeLooker;
			packageProductDependencies = (
				8EA0EB3B78504FAE9EC7C144 /* UTCTimeCore */,
			);
			productName = UTCTimeLooker;
			productReference = 4646456B2E3786FD00A48FDB /* UTCTimeLooker.app */;
			productType = "com.apple.product-type.application";
		};
		9CCA660588E14F1C8E470313 /* UTCTimeLookerSIT */ = {
			isa = PBXNativeTarget;
			buildConfigurationList = 700B1E391FBA4FB4AFDE3CE7 /* Build configuration list for PBXNativeTarget "UTCTimeLookerSIT" */;
			buildPhases = (
				BAF06B2EA1714D83958CA0C8 /* Sources */,
				FA11E61D99FE4F2D9FD0BC81 /* Frameworks */,
				EC666DFF00EC4FE8887E72C3 /* Resources */,
			);
			buildRules = (
			);
			dependencies = (
			);
			fileSystemSynchronizedGroups = (
				4646456D2E3786FD00A48FDB /* UTCTimeLooker */,
			);
			name = UTCTimeLookerSIT;
			packageProductDependencies = (
				D2756BE791E046D8B14F9A30 /* UTCTimeCore */,
			);
			productName = UTCTimeLookerSIT;
			productReference = D6086BF380E34C129F481A26 /* UTCTimeLookerSIT.app */;
			productType = "com.apple.product-type.application";
		};
/* End PBXNativeTarget section */

/* Begin PBXProject section */
		464645632E3786FD00A48FDB /* Project object */ = {
			isa = PBXProject;
			attributes = {
				BuildIndependentTargetsInParallel = 1;
				LastSwiftUpdateCheck = 1640;
				LastUpgradeCheck = 1640;
				TargetAttributes = {
					4646456A2E3786FD00A48FDB = {
						CreatedOnToolsVersion = 16.4;
					};
					9CCA660588E14F1C8E470313 = {
						CreatedOnToolsVersion = 16.4;
					};
				};
			};
			buildConfigurationList = 464645662E3786FD00A48FDB /* Build configuration list for PBXProject "UTCTimeLooker" */;
			developmentRegion = en;
			hasScannedForEncodings = 0;
			knownRegions = (
				en,
				Base,
			);
			mainGroup = 464645622E3786FD00A48FDB;
			minimizedProjectReferenceProxies = 1;
			packageReferences = (
				E935F27134B8428FB83D7B1B /* XCRemoteSwiftPackageReference "UTCTimeCore" */,
			);
			preferredProjectObjectVersion = 77;
			productRefGroup = 4646456C2E3786FD00A48FDB /* Products */;
			projectDirPath = "";
			projectRoot = "";
			targets = (
				4646456A2E3786FD00A48FDB /* UTCTimeLooker */,
				9CCA660588E14F1C8E470313 /* UTCTimeLookerSIT */,
			);
		};
/* End PBXProject section */

/* Begin PBXResourcesBuildPhase section */
		464645692E3786FD00A48FDB /* Resources */ = {
			isa = PBXResourcesBuildPhase;
			buildActionMask = 2147483647;
			files = (
				46C2EC7C2EE01B4E00E38D8B /* .gitignore in Resources */,
				46C2EC762EE0190E00E38D8B /* FuturePLAN.md in Resources */,
				46E5EB8B2E78117400F4615F /* README.md in Resources */,
				46C2EC792EE01AD000E38D8B /* CLAUDE.md in Resources */,
				46C2EC7A2EE01AD000E38D8B /* AGENTS.md in Resources */,
				46E5EB8F2E78146200F4615F /* RealseNote.md in Resources */,
				46E5EB8D2E78117E00F4615F /* LICENSE in Resources */,
			);
			runOnlyForDeploymentPostprocessing = 0;
		};
		EC666DFF00EC4FE8887E72C3 /* Resources */ = {
			isa = PBXResourcesBuildPhase;
			buildActionMask = 2147483647;
			files = (
				A73BFC048D4E4BC6953AAC09 /* .gitignore in Resources */,
				41ACC51EFD034A599E6BA465 /* FuturePLAN.md in Resources */,
				1879616DDC8443D991FB36D2 /* README.md in Resources */,
				75D032F187A64DE080D53A11 /* CLAUDE.md in Resources */,
				306FF301C4CC44FFAB3722F4 /* AGENTS.md in Resources */,
				08A157B8F3104EAAAAE47115 /* RealseNote.md in Resources */,
				75BD1A058E1F4E6994589AE7 /* LICENSE in Resources */,
			);
			runOnlyForDeploymentPostprocessing = 0;
		};
/* End PBXResourcesBuildPhase section */

/* Begin PBXSourcesBuildPhase section */
		464645672E3786FD00A48FDB /* Sources */ = {
			isa = PBXSourcesBuildPhase;
			buildActionMask = 2147483647;
			files = (
			);
			runOnlyForDeploymentPostprocessing = 0;
		};
		BAF06B2EA1714D83958CA0C8 /* Sources */ = {
			isa = PBXSourcesBuildPhase;
			buildActionMask = 2147483647;
			files = (
			);
			runOnlyForDeploymentPostprocessing = 0;
		};
/* End PBXSourcesBuildPhase section */

/* Begin XCBuildConfiguration section */
		464645752E3786FF00A48FDB /* Debug */ = {
			isa = XCBuildConfiguration;
			buildSettings = {
				ALWAYS_SEARCH_USER_PATHS = NO;
				ASSETCATALOG_COMPILER_GENERATE_SWIFT_ASSET_SYMBOL_EXTENSIONS = YES;
				CLANG_ANALYZER_NONNULL = YES;
				CLANG_ANALYZER_NUMBER_OBJECT_CONVERSION = YES_AGGRESSIVE;
				CLANG_CXX_LANGUAGE_STANDARD = "gnu++20";
				CLANG_ENABLE_MODULES = YES;
				CLANG_ENABLE_OBJC_ARC = YES;
				CLANG_ENABLE_OBJC_WEAK = YES;
				CLANG_WARN_BLOCK_CAPTURE_AUTORELEASING = YES;
				CLANG_WARN_BOOL_CONVERSION = YES;
				CLANG_WARN_COMMA = YES;
				CLANG_WARN_CONSTANT_CONVERSION = YES;
				CLANG_WARN_DEPRECATED_OBJC_IMPLEMENTATIONS = YES;
				CLANG_WARN_DIRECT_OBJC_ISA_USAGE = YES_ERROR;
				CLANG_WARN_DOCUMENTATION_COMMENTS = YES;
				CLANG_WARN_EMPTY_BODY = YES;
				CLANG_WARN_ENUM_CONVERSION = YES;
				CLANG_WARN_INFINITE_RECURSION = YES;
				CLANG_WARN_INT_CONVERSION = YES;
				CLANG_WARN_NON_LITERAL_NULL_CONVERSION = YES;
				CLANG_WARN_OBJC_IMPLICIT_RETAIN_SELF = YES;
				CLANG_WARN_OBJC_LITERAL_CONVERSION = YES;
				CLANG_WARN_OBJC_ROOT_CLASS = YES_ERROR;
				CLANG_WARN_QUOTED_INCLUDE_IN_FRAMEWORK_HEADER = YES;
				CLANG_WARN_RANGE_LOOP_ANALYSIS = YES;
				CLANG_WARN_STRICT_PROTOTYPES = YES;
				CLANG_WARN_SUSPICIOUS_MOVE = YES;
				CLANG_WARN_UNGUARDED_AVAILABILITY = YES_AGGRESSIVE;
				CLANG_WARN_UNREACHABLE_CODE = YES;
				CLANG_WARN__DUPLICATE_METHOD_MATCH = YES;
				COPY_PHASE_STRIP = NO;
				DEBUG_INFORMATION_FORMAT = dwarf;
				DEVELOPMENT_TEAM = HZAP4JA28N;
				ENABLE_STRICT_OBJC_MSGSEND = YES;
				ENABLE_TESTABILITY = YES;
				ENABLE_USER_SCRIPT_SANDBOXING = YES;
				GCC_C_LANGUAGE_STANDARD = gnu17;
				GCC_DYNAMIC_NO_PIC = NO;
				GCC_NO_COMMON_BLOCKS = YES;
				GCC_OPTIMIZATION_LEVEL = 0;
				GCC_PREPROCESSOR_DEFINITIONS = (
					"DEBUG=1",
					"$(inherited)",
				);
				GCC_WARN_64_TO_32_BIT_CONVERSION = YES;
				GCC_WARN_ABOUT_RETURN_TYPE = YES_ERROR;
				GCC_WARN_UNDECLARED_SELECTOR = YES;
				GCC_WARN_UNINITIALIZED_AUTOS = YES_AGGRESSIVE;
				GCC_WARN_UNUSED_FUNCTION = YES;
				GCC_WARN_UNUSED_VARIABLE = YES;
				LOCALIZATION_PREFERS_STRING_CATALOGS = YES;
				MACOSX_DEPLOYMENT_TARGET = 15.5;
				MTL_ENABLE_DEBUG_INFO = INCLUDE_SOURCE;
				MTL_FAST_MATH = YES;
				ONLY_ACTIVE_ARCH = YES;
				SDKROOT = macosx;
				SWIFT_ACTIVE_COMPILATION_CONDITIONS = "DEBUG $(inherited)";
				SWIFT_OPTIMIZATION_LEVEL = "-Onone";
			};
			name = Debug;
		};
		464645762E3786FF00A48FDB /* Release */ = {
			isa = XCBuildConfiguration;
			buildSettings = {
				ALWAYS_SEARCH_USER_PATHS = NO;
				ASSETCATALOG_COMPILER_GENERATE_SWIFT_ASSET_SYMBOL_EXTENSIONS = YES;
				CLANG_ANALYZER_NONNULL = YES;
				CLANG_ANALYZER_NUMBER_OBJECT_CONVERSION = YES_AGGRESSIVE;
				CLANG_CXX_LANGUAGE_STANDARD = "gnu++20";
				CLANG_ENABLE_MODULES = YES;
				CLANG_ENABLE_OBJC_ARC = YES;
				CLANG_ENABLE_OBJC_WEAK = YES;
				CLANG_WARN_BLOCK_CAPTURE_AUTORELEASING = YES;
				CLANG_WARN_BOOL_CONVERSION = YES;
				CLANG_WARN_COMMA = YES;
				CLANG_WARN_CONSTANT_CONVERSION = YES;
				CLANG_WARN_DEPRECATED_OBJC_IMPLEMENTATIONS = YES;
				CLANG_WARN_DIRECT_OBJC_ISA_USAGE = YES_ERROR;
				CLANG_WARN_DOCUMENTATION_COMMENTS = YES;
				CLANG_WARN_EMPTY_BODY = YES;
				CLANG_WARN_ENUM_CONVERSION = YES;
				CLANG_WARN_INFINITE_RECURSION = YES;
				CLANG_WARN_INT_CONVERSION = YES;
				CLANG_WARN_NON_LITERAL_NULL_CONVERSION = YES;
				CLANG_WARN_OBJC_IMPLICIT_RETAIN_SELF = YES;
				CLANG_WARN_OBJC_LITERAL_CONVERSION = YES;
				CLANG_WARN_OBJC_ROOT_CLASS = YES_ERROR;
				CLANG_WARN_QUOTED_INCLUDE_IN_FRAMEWORK_HEADER = YES;
				CLANG_WARN_RANGE_LOOP_ANALYSIS = YES;
				CLANG_WARN_STRICT_PROTOTYPES = YES;
				CLANG_WARN_SUSPICIOUS_MOVE = YES;
				CLANG_WARN_UNGUARDED_AVAILABILITY = YES_AGGRESSIVE;
				CLANG_WARN_UNREACHABLE_CODE = YES;
				CLANG_WARN__DUPLICATE_METHOD_MATCH = YES;
				COPY_PHASE_STRIP = NO;
				DEBUG_INFORMATION_FORMAT = "dwarf-with-dsym";
				DEVELOPMENT_TEAM = HZAP4JA28N;
				ENABLE_NS_ASSERTIONS = NO;
				ENABLE_STRICT_OBJC_MSGSEND = YES;
				ENABLE_USER_SCRIPT_SANDBOXING = YES;
				GCC_C_LANGUAGE_STANDARD = gnu17;
				GCC_NO_COMMON_BLOCKS = YES;
				GCC_WARN_64_TO_32_BIT_CONVERSION = YES;
				GCC_WARN_ABOUT_RETURN_TYPE = YES_ERROR;
				GCC_WARN_UNDECLARED_SELECTOR = YES;
				GCC_WARN_UNINITIALIZED_AUTOS = YES_AGGRESSIVE;
				GCC_WARN_UNUSED_FUNCTION = YES;
				GCC_WARN_UNUSED_VARIABLE = YES;
				LOCALIZATION_PREFERS_STRING_CATALOGS = YES;
				MACOSX_DEPLOYMENT_TARGET = 15.5;
				MTL_ENABLE_DEBUG_INFO = NO;
				MTL_FAST_MATH = YES;
				SDKROOT = macosx;
				SWIFT_COMPILATION_MODE = wholemodule;
			};
			name = Release;
		};
		464645782E3786FF00A48FDB /* Debug */ = {
			isa = XCBuildConfiguration;
			buildSettings = {
				ASSETCATALOG_COMPILER_APPICON_NAME = AppIcon;
				ASSETCATALOG_COMPILER_GLOBAL_ACCENT_COLOR_NAME = AccentColor;
				CODE_SIGN_ENTITLEMENTS = UTCTimeLooker/UTCTimeLooker.entitlements;
				CODE_SIGN_STYLE = Automatic;
				COMBINE_HIDPI_IMAGES = YES;
				CURRENT_PROJECT_VERSION = 1;
				DEVELOPMENT_TEAM = Y355LMZA6C;
				ENABLE_HARDENED_RUNTIME = YES;
				ENABLE_PREVIEWS = YES;
				GENERATE_INFOPLIST_FILE = YES;
				INFOPLIST_KEY_LSApplicationCategoryType = "public.app-category.developer-tools";
				INFOPLIST_KEY_NSHumanReadableCopyright = "";
				LD_RUNPATH_SEARCH_PATHS = (
					"$(inherited)",
					"@executable_path/../Frameworks",
				);
				MARKETING_VERSION = 1.1;
				PRODUCT_BUNDLE_IDENTIFIER = levi.UTCTimeLooker;
				PRODUCT_NAME = "$(TARGET_NAME)";
				REGISTER_APP_GROUPS = YES;
				SWIFT_EMIT_LOC_STRINGS = YES;
				SWIFT_VERSION = 5.0;
			};
			name = Debug;
		};
		464645792E3786FF00A48FDB /* Release */ = {
			isa = XCBuildConfiguration;
			buildSettings = {
				ASSETCATALOG_COMPILER_APPICON_NAME = AppIcon;
				ASSETCATALOG_COMPILER_GLOBAL_ACCENT_COLOR_NAME = AccentColor;
				CODE_SIGN_ENTITLEMENTS = UTCTimeLooker/UTCTimeLooker.entitlements;
				CODE_SIGN_STYLE = Automatic;
				COMBINE_HIDPI_IMAGES = YES;
				CURRENT_PROJECT_VERSION = 1;
				DEVELOPMENT_TEAM = Y355LMZA6C;
				ENABLE_HARDENED_RUNTIME = YES;
				ENABLE_PREVIEWS = YES;
				GENERATE_INFOPLIST_FILE = YES;
				INFOPLIST_KEY_LSApplicationCategoryType = "public.app-category.developer-tools";
				INFOPLIST_KEY_NSHumanReadableCopyright = "";
				LD_RUNPATH_SEARCH_PATHS = (
					"$(inherited)",
					"@executable_path/../Frameworks",
				);
				MARKETING_VERSION = 1.1;
				PRODUCT_BUNDLE_IDENTIFIER = levi.UTCTimeLooker;
				PRODUCT_NAME = "$(TARGET_NAME)";
				REGISTER_APP_GROUPS = YES;
				SWIFT_EMIT_LOC_STRINGS = YES;
				SWIFT_VERSION = 5.0;
			};
			name = Release;
		};
		5792DCD5EAEC4AE682994534 /* Debug */ = {
			isa = XCBuildConfiguration;
			buildSettings = {
				ASSETCATALOG_COMPILER_APPICON_NAME = AppIcon;
				ASSETCATALOG_COMPILER_GLOBAL_ACCENT_COLOR_NAME = AccentColor;
				CODE_SIGN_ENTITLEMENTS = UTCTimeLooker/UTCTimeLooker.entitlements;
				CODE_SIGN_STYLE = Automatic;
				COMBINE_HIDPI_IMAGES = YES;
				CURRENT_PROJECT_VERSION = 1;
				DEVELOPMENT_TEAM = Y355LMZA6C;
				ENABLE_HARDENED_RUNTIME = YES;
				ENABLE_PREVIEWS = YES;
				GENERATE_INFOPLIST_FILE = YES;
				INFOPLIST_KEY_CFBundleDisplayName = "UTCTimeLooker SIT";
				INFOPLIST_KEY_LSApplicationCategoryType = "public.app-category.developer-tools";
				INFOPLIST_KEY_NSHumanReadableCopyright = "";
				LD_RUNPATH_SEARCH_PATHS = (
					"$(inherited)",
					"@executable_path/../Frameworks",
				);
				MARKETING_VERSION = 1.1;
				PRODUCT_BUNDLE_IDENTIFIER = levi.UTCTimeLooker.sit;
				PRODUCT_NAME = UTCTimeLookerSIT;
				REGISTER_APP_GROUPS = YES;
				SWIFT_EMIT_LOC_STRINGS = YES;
				SWIFT_VERSION = 5.0;
			};
			name = Debug;
		};
		7F83B8353F8D4E8D99E73B48 /* Release */ = {
			isa = XCBuildConfiguration;
			buildSettings = {
				ASSETCATALOG_COMPILER_APPICON_NAME = AppIcon;
				ASSETCATALOG_COMPILER_GLOBAL_ACCENT_COLOR_NAME = AccentColor;
				CODE_SIGN_ENTITLEMENTS = UTCTimeLooker/UTCTimeLooker.entitlements;
				CODE_SIGN_STYLE = Automatic;
				COMBINE_HIDPI_IMAGES = YES;
				CURRENT_PROJECT_VERSION = 1;
				DEVELOPMENT_TEAM = Y355LMZA6C;
				ENABLE_HARDENED_RUNTIME = YES;
				ENABLE_PREVIEWS = YES;
				GENERATE_INFOPLIST_FILE = YES;
				INFOPLIST_KEY_CFBundleDisplayName = "UTCTimeLooker SIT";
				INFOPLIST_KEY_LSApplicationCategoryType = "public.app-category.developer-tools";
				INFOPLIST_KEY_NSHumanReadableCopyright = "";
				LD_RUNPATH_SEARCH_PATHS = (
					"$(inherited)",
					"@executable_path/../Frameworks",
				);
				MARKETING_VERSION = 1.1;
				PRODUCT_BUNDLE_IDENTIFIER = levi.UTCTimeLooker.sit;
				PRODUCT_NAME = UTCTimeLookerSIT;
				REGISTER_APP_GROUPS = YES;
				SWIFT_EMIT_LOC_STRINGS = YES;
				SWIFT_VERSION = 5.0;
			};
			name = Release;
		};
/* End XCBuildConfiguration section */

/* Begin XCConfigurationList section */
		464645662E3786FD00A48FDB /* Build configuration list for PBXProject "UTCTimeLooker" */ = {
			isa = XCConfigurationList;
			buildConfigurations = (
				464645752E3786FF00A48FDB /* Debug */,
				464645762E3786FF00A48FDB /* Release */,
			);
			defaultConfigurationIsVisible = 0;
			defaultConfigurationName = Release;
		};
		464645772E3786FF00A48FDB /* Build configuration list for PBXNativeTarget "UTCTimeLooker" */ = {
			isa = XCConfigurationList;
			buildConfigurations = (
				464645782E3786FF00A48FDB /* Debug */,
				464645792E3786FF00A48FDB /* Release */,
			);
			defaultConfigurationIsVisible = 0;
			defaultConfigurationName = Release;
		};
		700B1E391FBA4FB4AFDE3CE7 /* Build configuration list for PBXNativeTarget "UTCTimeLookerSIT" */ = {
			isa = XCConfigurationList;
			buildConfigurations = (
				5792DCD5EAEC4AE682994534 /* Debug */,
				7F83B8353F8D4E8D99E73B48 /* Release */,
			);
			defaultConfigurationIsVisible = 0;
			defaultConfigurationName = Release;
		};
/* End XCConfigurationList section */

/* Begin XCRemoteSwiftPackageReference section */
		E935F27134B8428FB83D7B1B /* XCRemoteSwiftPackageReference "UTCTimeCore" */ = {
			isa = XCRemoteSwiftPackageReference;
			repositoryURL = Packages/UTCTimeCore;
		};
/* End XCRemoteSwiftPackageReference section */

/* Begin XCSwiftPackageProductDependency section */
		8EA0EB3B78504FAE9EC7C144 /* UTCTimeCore */ = {
			isa = XCSwiftPackageProductDependency;
			package = E935F27134B8428FB83D7B1B /* XCRemoteSwiftPackageReference "UTCTimeCore" */;
			productName = UTCTimeCore;
		};
		D2756BE791E046D8B14F9A30 /* UTCTimeCore */ = {
			isa = XCSwiftPackageProductDependency;
			package = E935F27134B8428FB83D7B1B /* XCRemoteSwiftPackageReference "UTCTimeCore" */;
			productName = UTCTimeCore;
		};
/* End XCSwiftPackageProductDependency section */
	};
	rootObject = 464645632E3786FD00A48FDB /* Project object */;
}
